
Microsoft Visual Studio Solution File, Format Version 12.00
# Visual Studio Version 16
VisualStudioVersion = 16.0.30128.74
MinimumVisualStudioVersion = 10.0.40219.1
Project("{FAE04EC0-301F-11D3-BF4B-00C04F79EFBC}") = "Authorization Server", "ACM (Server)\Authorization Server.csproj", "{C43320E9-3E1F-447A-BB9C-88EF604A5727}"
EndProject
Project("{FAE04EC0-301F-11D3-BF4B-00C04F79EFBC}") = "ACMSocketAsync", "ACMSocketAsync\ACMSocketAsync.csproj", "{7C5F9BCB-4854-4F79-A020-9A42657036AF}"
EndProject
Project("{FAE04EC0-301F-11D3-BF4B-00C04F79EFBC}") = "SerializablePackages", "..\..\RAM (Server) (2)\RAM (Server)\SerializablePackages\SerializablePackages.csproj", "{4E1891BC-1820-4BDB-820B-CB350EE6B78D}"
EndProject
Global
	GlobalSection(SolutionConfigurationPlatforms) = preSolution
		Debug|Any CPU = Debug|Any CPU
		Release|Any CPU = Release|Any CPU
	EndGlobalSection
	GlobalSection(ProjectConfigurationPlatforms) = postSolution
		{C43320E9-3E1F-447A-BB9C-88EF604A5727}.Debug|Any CPU.ActiveCfg = Debug|Any CPU
		{C43320E9-3E1F-447A-BB9C-88EF604A5727}.Debug|Any CPU.Build.0 = Debug|Any CPU
		{C43320E9-3E1F-447A-BB9C-88EF604A5727}.Release|Any CPU.ActiveCfg = Release|Any CPU
		{C43320E9-3E1F-447A-BB9C-88EF604A5727}.Release|Any CPU.Build.0 = Release|Any CPU
		{7C5F9BCB-4854-4F79-A020-9A42657036AF}.Debug|Any CPU.ActiveCfg = Debug|Any CPU
		{7C5F9BCB-4854-4F79-A020-9A42657036AF}.Debug|Any CPU.Build.0 = Debug|Any CPU
		{7C5F9BCB-4854-4F79-A020-9A42657036AF}.Release|Any CPU.ActiveCfg = Release|Any CPU
		{7C5F9BCB-4854-4F79-A020-9A42657036AF}.Release|Any CPU.Build.0 = Release|Any CPU
		{4E1891BC-1820-4BDB-820B-CB350EE6B78D}.Debug|Any CPU.ActiveCfg = Debug|Any CPU
		{4E1891BC-1820-4BDB-820B-CB350EE6B78D}.Debug|Any CPU.Build.0 = Debug|Any CPU
		{4E1891BC-1820-4BDB-820B-CB350EE6B78D}.Release|Any CPU.ActiveCfg = Release|Any CPU
		{4E1891BC-1820-4BDB-820B-CB350EE6B78D}.Release|Any CPU.Build.0 = Release|Any CPU
	EndGlobalSection
	GlobalSection(SolutionProperties) = preSolution
		HideSolutionNode = FALSE
	EndGlobalSection
	GlobalSection(ExtensibilityGlobals) = postSolution
		SolutionGuid = {28EC577B-F769-42F0-9F98-6F151A8A7225}
	EndGlobalSection
EndGlobal
